version: 6
environments:
  default:
    channels:
    - url: https://conda.anaconda.org/conda-forge/
    indexes:
    - https://pypi.org/simple
    packages:
      osx-arm64:
      - conda: https://conda.anaconda.org/conda-forge/osx-arm64/bzip2-1.0.8-hd037594_9.conda
      - conda: https://conda.anaconda.org/conda-forge/noarch/ca-certificates-2026.2.25-hbd8a1cb_0.conda
      - conda: https://conda.anaconda.org/conda-forge/osx-arm64/libcxx-22.1.3-h55c6f16_0.conda
      - conda: https://conda.anaconda.org/conda-forge/osx-arm64/libexpat-2.7.5-hf6b4638_0.conda
      - conda: https://conda.anaconda.org/conda-forge/osx-arm64/libffi-3.5.2-hcf2aa1b_0.conda
      - conda: https://conda.anaconda.org/conda-forge/osx-arm64/liblzma-5.8.3-h8088a28_0.conda
      - conda: https://conda.anaconda.org/conda-forge/osx-arm64/libmpdec-4.0.0-h84a0fba_1.conda
      - conda: https://conda.anaconda.org/conda-forge/osx-arm64/libsqlite-3.53.0-h1b79a29_0.conda
      - conda: https://conda.anaconda.org/conda-forge/osx-arm64/libzlib-1.3.2-h8088a28_2.conda
      - conda: https://conda.anaconda.org/conda-forge/osx-arm64/ncurses-6.5-h5e97a16_3.conda
      - conda: https://conda.anaconda.org/conda-forge/osx-arm64/openssl-3.5.6-hd24854e_0.conda
      - conda: https://conda.anaconda.org/conda-forge/osx-arm64/python-3.14.4-h4c637c5_100_cp314.conda
      - conda: https://conda.anaconda.org/conda-forge/noarch/python_abi-3.14-8_cp314.conda
      - conda: https://conda.anaconda.org/conda-forge/osx-arm64/readline-8.3-h46df422_0.conda
      - conda: https://conda.anaconda.org/conda-forge/osx-arm64/tk-8.6.13-h010d191_3.conda
      - conda: https://conda.anaconda.org/conda-forge/noarch/tzdata-2025c-hc9c84f9_1.conda
      - conda: https://conda.anaconda.org/conda-forge/osx-arm64/uv-0.11.6-h2a61971_0.conda
      - conda: https://conda.anaconda.org/conda-forge/osx-arm64/zstd-1.5.7-hbf9d68e_6.conda
      - pypi: https://files.pythonhosted.org/packages/18/a6/907a406bb7d359e6a63f99c313846d9eec4f7e6f7437809e03aa00fa3074/absl_py-2.4.0-py3-none-any.whl
      - pypi: https://files.pythonhosted.org/packages/fd/e1/3542a9cb596cadd76fcef413f19c79216e002623158befe6daa03dbfa88c/contourpy-1.3.3-cp314-cp314-macosx_11_0_arm64.whl
      - pypi: https://files.pythonhosted.org/packages/e7/05/c19819d5e3d95294a6f5947fb9b9629efb316b96de511b418c53d245aae6/cycler-0.12.1-py3-none-any.whl
      - pypi: https://files.pythonhosted.org/packages/3b/21/2f728888c45033d34a417bfcd248ea2564c9e08ab1bfd301377cf05d5586/filelock-3.28.0-py3-none-any.whl
      - pypi: https://files.pythonhosted.org/packages/36/f0/2888cdac391807d68d90dcb16ef858ddc1b5309bfc6966195a459dd326e2/fonttools-4.62.1-cp314-cp314-macosx_10_15_universal2.whl
      - pypi: https://files.pythonhosted.org/packages/d5/1f/5f4a3cd9e4440e9d9bc78ad0a91a1c8d46b4d429d5239ebe6793c9fe5c41/fsspec-2026.3.0-py3-none-any.whl
      - pypi: https://files.pythonhosted.org/packages/69/10/9cef5d9650c72625a699c549940f0abb3c4bfdb5ed45a5ce431f92f31806/grpcio-1.80.0-cp314-cp314-macosx_11_0_universal2.whl
      - pypi: https://files.pythonhosted.org/packages/62/a1/3d680cbfd5f4b8f15abc1d571870c5fc3e594bb582bc3b64ea099db13e56/jinja2-3.1.6-py3-none-any.whl
      - pypi: https://files.pythonhosted.org/packages/7b/91/984aca2ec129e2757d1e4e3c81c3fcda9d0f85b74670a094cc443d9ee949/joblib-1.5.3-py3-none-any.whl
      - pypi: https://files.pythonhosted.org/packages/49/b2/97980f3ad4fae37dd7fe31626e2bf75fbf8bdf5d303950ec1fab39a12da8/kiwisolver-1.5.0-cp314-cp314-macosx_11_0_arm64.whl
      - pypi: https://files.pythonhosted.org/packages/de/1f/77fa3081e4f66ca3576c896ae5d31c3002ac6607f9747d2e3aa49227e464/markdown-3.10.2-py3-none-any.whl
      - pypi: https://files.pythonhosted.org/packages/b5/64/7660f8a4a8e53c924d0fa05dc3a55c9cee10bbd82b11c5afb27d44b096ce/markupsafe-3.0.3-cp314-cp314-macosx_11_0_arm64.whl
      - pypi: https://files.pythonhosted.org/packages/6f/ca/e8ae28649fcdf039fda5ef554b40a95f50592a3c47e6f7270c9561c12b07/matplotlib-3.10.8-cp314-cp314-macosx_11_0_arm64.whl
      - pypi: https://files.pythonhosted.org/packages/43/e3/7d92a15f894aa0c9c4b49b8ee9ac9850d6e63b03c9c32c0367a13ae62209/mpmath-1.3.0-py3-none-any.whl
      - pypi: https://files.pythonhosted.org/packages/9e/c9/b2622292ea83fbb4ec318f5b9ab867d0a28ab43c5717bb85b0a5f6b3b0a4/networkx-3.6.1-py3-none-any.whl
      - pypi: https://files.pythonhosted.org/packages/bd/16/a484db41aab28332f42080435c9342fa87cfc9a4fce5495521ea1e80ca27/nflows-0.14.tar.gz
      - pypi: https://files.pythonhosted.org/packages/4c/39/8a320264a84404c74cc7e79715de85d6130fa07a0898f67fb5cd5bd79908/numpy-2.4.4-cp314-cp314-macosx_11_0_arm64.whl
      - pypi: https://files.pythonhosted.org/packages/7a/c2/920ef838e2f0028c8262f16101ec09ebd5969864e5a64c4c05fad0617c56/packaging-26.1-py3-none-any.whl
      - pypi: https://files.pythonhosted.org/packages/ba/8c/1a9e46228571de18f8e28f16fabdfc20212a5d019f3e3303452b3f0a580d/pillow-12.2.0-cp314-cp314-macosx_11_0_arm64.whl
      - pypi: https://files.pythonhosted.org/packages/ec/11/3325d41e6ee15bf1125654301211247b042563bcc898784351252549a8ad/protobuf-7.34.1-cp310-abi3-macosx_10_9_universal2.whl
      - pypi: https://files.pythonhosted.org/packages/10/bd/c038d7cc38edc1aa5bf91ab8068b63d4308c66c4c8bb3cbba7dfbc049f9c/pyparsing-3.3.2-py3-none-any.whl
      - pypi: https://files.pythonhosted.org/packages/ec/57/56b9bcc3c9c6a792fcbaf139543cee77261f3651ca9da0c93f5c1221264b/python_dateutil-2.9.0.post0-py2.py3-none-any.whl
      - pypi: https://files.pythonhosted.org/packages/97/9c/dfec7c59a04e1656c3e71daa0fce2dfc74362fe8819a60ff6e66c3b9c21d/sbi-0.26.1-py3-none-any.whl
      - pypi: https://files.pythonhosted.org/packages/a8/25/01c0af38fe969473fb292bba9dc2b8f9b451f3112ff242c647fee3d0dfe7/scikit_learn-1.8.0-cp314-cp314-macosx_12_0_arm64.whl
      - pypi: https://files.pythonhosted.org/packages/ed/a6/d05a85fd51daeb2e4ea71d102f15b34fedca8e931af02594193ae4fd25f7/scipy-1.17.1-cp314-cp314-macosx_12_0_arm64.whl
      - pypi: https://files.pythonhosted.org/packages/e1/e3/c164c88b2e5ce7b24d667b9bd83589cf4f3520d97cad01534cd3c4f55fdb/setuptools-81.0.0-py3-none-any.whl
      - pypi: https://files.pythonhosted.org/packages/b7/ce/149a00dd41f10bc29e5921b496af8b574d8413afcd5e30dfa0ed46c2cc5e/six-1.17.0-py2.py3-none-any.whl
      - pypi: https://files.pythonhosted.org/packages/56/4d/6fbe78427fa6b5c54cbdbd3b9bdacd214a5bcf9bf4dd247fc9537fba1644/skorch-1.3.1-py3-none-any.whl
      - pypi: https://files.pythonhosted.org/packages/a2/09/77d55d46fd61b4a135c444fc97158ef34a095e5681d0a6c10b75bf356191/sympy-1.14.0-py3-none-any.whl
      - pypi: https://files.pythonhosted.org/packages/99/55/db07de81b5c630da5cbf5c7df646580ca26dfaefa593667fc6f2fe016d2e/tabulate-0.10.0-py3-none-any.whl
      - pypi: https://files.pythonhosted.org/packages/9c/d9/a5db55f88f258ac669a92858b70a714bbbd5acd993820b41ec4a96a4d77f/tensorboard-2.20.0-py3-none-any.whl
      - pypi: https://files.pythonhosted.org/packages/7a/13/e503968fefabd4c6b2650af21e110aa8466fe21432cd7c43a84577a89438/tensorboard_data_server-0.7.2-py3-none-any.whl
      - pypi: https://files.pythonhosted.org/packages/32/d5/f9a850d79b0851d1d4ef6456097579a9005b31fea68726a4ae5f2d82ddd9/threadpoolctl-3.6.0-py3-none-any.whl
      - pypi: https://files.pythonhosted.org/packages/26/0d/8603382f61abd0db35841148ddc1ffd607bf3100b11c6e1dab6d2fc44e72/torch-2.11.0-cp314-cp314-macosx_11_0_arm64.whl
      - pypi: https://files.pythonhosted.org/packages/16/e1/3079a9ff9b8e11b846c6ac5c8b5bfb7ff225eee721825310c91b3b50304f/tqdm-4.67.3-py3-none-any.whl
      - pypi: https://files.pythonhosted.org/packages/18/67/36e9267722cc04a6b9f15c7f3441c2363321a3ea07da7ae0c0707beb2a9c/typing_extensions-4.15.0-py3-none-any.whl
      - pypi: https://files.pythonhosted.org/packages/93/8c/2e650f2afeb7ee576912636c23ddb621c91ac6a98e66dc8d29c3c69446e1/werkzeug-3.1.8-py3-none-any.whl
      - pypi: https://files.pythonhosted.org/packages/95/10/ff159867f522cd98e039e748c5e9777446e8b797a79be691c6b730676094/zuko-1.6.0-py3-none-any.whl
packages:
- pypi: https://files.pythonhosted.org/packages/18/a6/907a406bb7d359e6a63f99c313846d9eec4f7e6f7437809e03aa00fa3074/absl_py-2.4.0-py3-none-any.whl
  name: absl-py
  version: 2.4.0
  sha256: 88476fd881ca8aab94ffa78b7b6c632a782ab3ba1cd19c9bd423abc4fb4cd28d
  requires_python: '>=3.10'
- conda: https://conda.anaconda.org/conda-forge/osx-arm64/bzip2-1.0.8-hd037594_9.conda
  sha256: 540fe54be35fac0c17feefbdc3e29725cce05d7367ffedfaaa1bdda234b019df
  md5: 620b85a3f45526a8bc4d23fd78fc22f0
  depends:
  - __osx >=11.0
  license: bzip2-1.0.6
  license_family: BSD
  purls: []
  size: 124834
  timestamp: 1771350416561
- conda: https://conda.anaconda.org/conda-forge/noarch/ca-certificates-2026.2.25-hbd8a1cb_0.conda
  sha256: 67cc7101b36421c5913a1687ef1b99f85b5d6868da3abbf6ec1a4181e79782fc
  md5: 4492fd26db29495f0ba23f146cd5638d
  depends:
  - __unix
  license: ISC
  purls: []
  size: 147413
  timestamp: 1772006283803
- pypi: https://files.pythonhosted.org/packages/fd/e1/3542a9cb596cadd76fcef413f19c79216e002623158befe6daa03dbfa88c/contourpy-1.3.3-cp314-cp314-macosx_11_0_arm64.whl
  name: contourpy
  version: 1.3.3
  sha256: cbedb772ed74ff5be440fa8eee9bd49f64f6e3fc09436d9c7d8f1c287b121d77
  requires_dist:
  - numpy>=1.25
  - furo ; extra == 'docs'
  - sphinx>=7.2 ; extra == 'docs'
  - sphinx-copybutton ; extra == 'docs'
  - bokeh ; extra == 'bokeh'
  - selenium ; extra == 'bokeh'
  - contourpy[bokeh,docs] ; extra == 'mypy'
  - bokeh ; extra == 'mypy'
  - docutils-stubs ; extra == 'mypy'
  - mypy==1.17.0 ; extra == 'mypy'
  - types-pillow ; extra == 'mypy'
  - contourpy[test-no-images] ; extra == 'test'
  - matplotlib ; extra == 'test'
  - pillow ; extra == 'test'
  - pytest ; extra == 'test-no-images'
  - pytest-cov ; extra == 'test-no-images'
  - pytest-rerunfailures ; extra == 'test-no-images'
  - pytest-xdist ; extra == 'test-no-images'
  - wurlitzer ; extra == 'test-no-images'
  requires_python: '>=3.11'
- pypi: https://files.pythonhosted.org/packages/e7/05/c19819d5e3d95294a6f5947fb9b9629efb316b96de511b418c53d245aae6/cycler-0.12.1-py3-none-any.whl
  name: cycler
  version: 0.12.1
  sha256: 85cef7cff222d8644161529808465972e51340599459b8ac3ccbac5a854e0d30
  requires_dist:
  - ipython ; extra == 'docs'
  - matplotlib ; extra == 'docs'
  - numpydoc ; extra == 'docs'
  - sphinx ; extra == 'docs'
  - pytest ; extra == 'tests'
  - pytest-cov ; extra == 'tests'
  - pytest-xdist ; extra == 'tests'
  requires_python: '>=3.8'
- pypi: https://files.pythonhosted.org/packages/3b/21/2f728888c45033d34a417bfcd248ea2564c9e08ab1bfd301377cf05d5586/filelock-3.28.0-py3-none-any.whl
  name: filelock
  version: 3.28.0
  sha256: de9af6712788e7171df1b28b15eba2446c69721433fa427a9bee07b17820a9db
  requires_python: '>=3.10'
- pypi: https://files.pythonhosted.org/packages/36/f0/2888cdac391807d68d90dcb16ef858ddc1b5309bfc6966195a459dd326e2/fonttools-4.62.1-cp314-cp314-macosx_10_15_universal2.whl
  name: fonttools
  version: 4.62.1
  sha256: fa1d16210b6b10a826d71bed68dd9ec24a9e218d5a5e2797f37c573e7ec215ca
  requires_dist:
  - lxml>=4.0 ; extra == 'lxml'
  - brotli>=1.0.1 ; platform_python_implementation == 'CPython' and extra == 'woff'
  - brotlicffi>=0.8.0 ; platform_python_implementation != 'CPython' and extra == 'woff'
  - zopfli>=0.1.4 ; extra == 'woff'
  - unicodedata2>=17.0.0 ; python_full_version < '3.15' and extra == 'unicode'
  - lz4>=1.7.4.2 ; extra == 'graphite'
  - scipy ; platform_python_implementation != 'PyPy' and extra == 'interpolatable'
  - munkres ; platform_python_implementation == 'PyPy' and extra == 'interpolatable'
  - pycairo ; extra == 'interpolatable'
  - matplotlib ; extra == 'plot'
  - sympy ; extra == 'symfont'
  - xattr ; sys_platform == 'darwin' and extra == 'type1'
  - skia-pathops>=0.5.0 ; extra == 'pathops'
  - uharfbuzz>=0.45.0 ; extra == 'repacker'
  - lxml>=4.0 ; extra == 'all'
  - brotli>=1.0.1 ; platform_python_implementation == 'CPython' and extra == 'all'
  - brotlicffi>=0.8.0 ; platform_python_implementation != 'CPython' and extra == 'all'
  - zopfli>=0.1.4 ; extra == 'all'
  - unicodedata2>=17.0.0 ; python_full_version < '3.15' and extra == 'all'
  - lz4>=1.7.4.2 ; extra == 'all'
  - scipy ; platform_python_implementation != 'PyPy' and extra == 'all'
  - munkres ; platform_python_implementation == 'PyPy' and extra == 'all'
  - pycairo ; extra == 'all'
  - matplotlib ; extra == 'all'
  - sympy ; extra == 'all'
  - xattr ; sys_platform == 'darwin' and extra == 'all'
  - skia-pathops>=0.5.0 ; extra == 'all'
  - uharfbuzz>=0.45.0 ; extra == 'all'
  requires_python: '>=3.10'
- pypi: https://files.pythonhosted.org/packages/d5/1f/5f4a3cd9e4440e9d9bc78ad0a91a1c8d46b4d429d5239ebe6793c9fe5c41/fsspec-2026.3.0-py3-none-any.whl
  name: fsspec
  version: 2026.3.0
  sha256: d2ceafaad1b3457968ed14efa28798162f1638dbb5d2a6868a2db002a5ee39a4
  requires_dist:
  - adlfs ; extra == 'abfs'
  - adlfs ; extra == 'adl'
  - pyarrow>=1 ; extra == 'arrow'
  - dask ; extra == 'dask'
  - distributed ; extra == 'dask'
  - pre-commit ; extra == 'dev'
  - ruff>=0.5 ; extra == 'dev'
  - numpydoc ; extra == 'doc'
  - sphinx ; extra == 'doc'
  - sphinx-design ; extra == 'doc'
  - sphinx-rtd-theme ; extra == 'doc'
  - yarl ; extra == 'doc'
  - dropbox ; extra == 'dropbox'
  - dropboxdrivefs ; extra == 'dropbox'
  - requests ; extra == 'dropbox'
  - adlfs ; extra == 'full'
  - aiohttp!=4.0.0a0,!=4.0.0a1 ; extra == 'full'
  - dask ; extra == 'full'
  - distributed ; extra == 'full'
  - dropbox ; extra == 'full'
  - dropboxdrivefs ; extra == 'full'
  - fusepy ; extra == 'full'
  - gcsfs>2024.2.0 ; extra == 'full'
  - libarchive-c ; extra == 'full'
  - ocifs ; extra == 'full'
  - panel ; extra == 'full'
  - paramiko ; extra == 'full'
  - pyarrow>=1 ; extra == 'full'
  - pygit2 ; extra == 'full'
  - requests ; extra == 'full'
  - s3fs>2024.2.0 ; extra == 'full'
  - smbprotocol ; extra == 'full'
  - tqdm ; extra == 'full'
  - fusepy ; extra == 'fuse'
  - gcsfs>2024.2.0 ; extra == 'gcs'
  - pygit2 ; extra == 'git'
  - requests ; extra == 'github'
  - gcsfs ; extra == 'gs'
  - panel ; extra == 'gui'
  - pyarrow>=1 ; extra == 'hdfs'
  - aiohttp!=4.0.0a0,!=4.0.0a1 ; extra == 'http'
  - libarchive-c ; extra == 'libarchive'
  - ocifs ; extra == 'oci'
  - s3fs>2024.2.0 ; extra == 's3'
  - paramiko ; extra == 'sftp'
  - smbprotocol ; extra == 'smb'
  - paramiko ; extra == 'ssh'
  - aiohttp!=4.0.0a0,!=4.0.0a1 ; extra == 'test'
  - numpy ; extra == 'test'
  - pytest ; extra == 'test'
  - pytest-asyncio!=0.22.0 ; extra == 'test'
  - pytest-benchmark ; extra == 'test'
  - pytest-cov ; extra == 'test'
  - pytest-mock ; extra == 'test'
  - pytest-recording ; extra == 'test'
  - pytest-rerunfailures ; extra == 'test'
  - requests ; extra == 'test'
  - aiobotocore>=2.5.4,<3.0.0 ; extra == 'test-downstream'
  - dask[dataframe,test] ; extra == 'test-downstream'
  - moto[server]>4,<5 ; extra == 'test-downstream'
  - pytest-timeout ; extra == 'test-downstream'
  - xarray ; extra == 'test-downstream'
  - adlfs ; extra == 'test-full'
  - aiohttp!=4.0.0a0,!=4.0.0a1 ; extra == 'test-full'
  - backports-zstd ; python_full_version < '3.14' and extra == 'test-full'
  - cloudpickle ; extra == 'test-full'
  - dask ; extra == 'test-full'
  - distributed ; extra == 'test-full'
  - dropbox ; extra == 'test-full'
  - dropboxdrivefs ; extra == 'test-full'
  - fastparquet ; extra == 'test-full'
  - fusepy ; extra == 'test-full'
  - gcsfs ; extra == 'test-full'
  - jinja2 ; extra == 'test-full'
  - kerchunk ; extra == 'test-full'
  - libarchive-c ; extra == 'test-full'
  - lz4 ; extra == 'test-full'
  - notebook ; extra == 'test-full'
  - numpy ; extra == 'test-full'
  - ocifs ; extra == 'test-full'
  - pandas<3.0.0 ; extra == 'test-full'
  - panel ; extra == 'test-full'
  - paramiko ; extra == 'test-full'
  - pyarrow ; extra == 'test-full'
  - pyarrow>=1 ; extra == 'test-full'
  - pyftpdlib ; extra == 'test-full'
  - pygit2 ; extra == 'test-full'
  - pytest ; extra == 'test-full'
  - pytest-asyncio!=0.22.0 ; extra == 'test-full'
  - pytest-benchmark ; extra == 'test-full'
  - pytest-cov ; extra == 'test-full'
  - pytest-mock ; extra == 'test-full'
  - pytest-recording ; extra == 'test-full'
  - pytest-rerunfailures ; extra == 'test-full'
  - python-snappy ; extra == 'test-full'
  - requests ; extra == 'test-full'
  - smbprotocol ; extra == 'test-full'
  - tqdm ; extra == 'test-full'
  - urllib3 ; extra == 'test-full'
  - zarr ; extra == 'test-full'
  - zstandard ; python_full_version < '3.14' and extra == 'test-full'
  - tqdm ; extra == 'tqdm'
  requires_python: '>=3.10'
- pypi: https://files.pythonhosted.org/packages/69/10/9cef5d9650c72625a699c549940f0abb3c4bfdb5ed45a5ce431f92f31806/grpcio-1.80.0-cp314-cp314-macosx_11_0_universal2.whl
  name: grpcio
  version: 1.80.0
  sha256: d8e11f167935b3eb089ac9038e1a063e6d7dbe995c0bb4a661e614583352e76f
  requires_dist:
  - typing-extensions~=4.12
  - grpcio-tools>=1.80.0 ; extra == 'protobuf'
  requires_python: '>=3.9'
- pypi: https://files.pythonhosted.org/packages/62/a1/3d680cbfd5f4b8f15abc1d571870c5fc3e594bb582bc3b64ea099db13e56/jinja2-3.1.6-py3-none-any.whl
  name: jinja2
  version: 3.1.6
  sha256: 85ece4451f492d0c13c5dd7c13a64681a86afae63a5f347908daf103ce6d2f67
  requires_dist:
  - markupsafe>=2.0
  - babel>=2.7 ; extra == 'i18n'
  requires_python: '>=3.7'
- pypi: https://files.pythonhosted.org/packages/7b/91/984aca2ec129e2757d1e4e3c81c3fcda9d0f85b74670a094cc443d9ee949/joblib-1.5.3-py3-none-any.whl
  name: joblib
  version: 1.5.3
  sha256: 5fc3c5039fc5ca8c0276333a188bbd59d6b7ab37fe6632daa76bc7f9ec18e713
  requires_python: '>=3.9'
- pypi: https://files.pythonhosted.org/packages/49/b2/97980f3ad4fae37dd7fe31626e2bf75fbf8bdf5d303950ec1fab39a12da8/kiwisolver-1.5.0-cp314-cp314-macosx_11_0_arm64.whl
  name: kiwisolver
  version: 1.5.0
  sha256: 0cbe94b69b819209a62cb27bdfa5dc2a8977d8de2f89dfd97ba4f53ed3af754e
  requires_python: '>=3.10'
- conda: https://conda.anaconda.org/conda-forge/osx-arm64/libcxx-22.1.3-h55c6f16_0.conda
  sha256: 34cc56c627b01928e49731bcfe92338e440ab6b5952feee8f1dd16570b8b8339
  md5: acbb3f547c4aae16b19e417db0c6e5ed
  depends:
  - __osx >=11.0
  arch: arm64
  platform: osx
  license: Apache-2.0 WITH LLVM-exception
  license_family: Apache
  purls: []
  size: 570026
  timestamp: 1775565121045
- conda: https://conda.anaconda.org/conda-forge/osx-arm64/libexpat-2.7.5-hf6b4638_0.conda
  sha256: 06780dec91dd25770c8cf01e158e1062fbf7c576b1406427475ce69a8af75b7e
  md5: a32123f93e168eaa4080d87b0fb5da8a
  depends:
  - __osx >=11.0
  constrains:
  - expat 2.7.5.*
  license: MIT
  license_family: MIT
  purls: []
  size: 68192
  timestamp: 1774719211725
- conda: https://conda.anaconda.org/conda-forge/osx-arm64/libffi-3.5.2-hcf2aa1b_0.conda
  sha256: 6686a26466a527585e6a75cc2a242bf4a3d97d6d6c86424a441677917f28bec7
  md5: 43c04d9cb46ef176bb2a4c77e324d599
  depends:
  - __osx >=11.0
  license: MIT
  license_family: MIT
  purls: []
  size: 40979
  timestamp: 1769456747661
- conda: https://conda.anaconda.org/conda-forge/osx-arm64/liblzma-5.8.3-h8088a28_0.conda
  sha256: 34878d87275c298f1a732c6806349125cebbf340d24c6c23727268184bba051e
  md5: b1fd823b5ae54fbec272cea0811bd8a9
  depends:
  - __osx >=11.0
  constrains:
  - xz 5.8.3.*
  license: 0BSD
  purls: []
  size: 92472
  timestamp: 1775825802659
- conda: https://conda.anaconda.org/conda-forge/osx-arm64/libmpdec-4.0.0-h84a0fba_1.conda
  sha256: 1089c7f15d5b62c622625ec6700732ece83be8b705da8c6607f4dabb0c4bd6d2
  md5: 57c4be259f5e0b99a5983799a228ae55
  depends:
  - __osx >=11.0
  license: BSD-2-Clause
  license_family: BSD
  purls: []
  size: 73690
  timestamp: 1769482560514
- conda: https://conda.anaconda.org/conda-forge/osx-arm64/libsqlite-3.53.0-h1b79a29_0.conda
  sha256: 1a9d1e3e18dbb0b87cff3b40c3e42703730d7ac7ee9b9322c2682196a81ba0c3
  md5: 8423c008105df35485e184066cad4566
  depends:
  - __osx >=11.0
  - libzlib >=1.3.2,<2.0a0
  license: blessing
  purls: []
  size: 920039
  timestamp: 1775754485962
- conda: https://conda.anaconda.org/conda-forge/osx-arm64/libzlib-1.3.2-h8088a28_2.conda
  sha256: 361415a698514b19a852f5d1123c5da746d4642139904156ddfca7c922d23a05
  md5: bc5a5721b6439f2f62a84f2548136082
  depends:
  - __osx >=11.0
  constrains:
  - zlib 1.3.2 *_2
  license: Zlib
  license_family: Other
  purls: []
  size: 47759
  timestamp: 1774072956767
- pypi: https://files.pythonhosted.org/packages/de/1f/77fa3081e4f66ca3576c896ae5d31c3002ac6607f9747d2e3aa49227e464/markdown-3.10.2-py3-none-any.whl
  name: markdown
  version: 3.10.2
  sha256: e91464b71ae3ee7afd3017d9f358ef0baf158fd9a298db92f1d4761133824c36
  requires_dist:
  - coverage ; extra == 'testing'
  - pyyaml ; extra == 'testing'
  - mkdocs>=1.6 ; extra == 'docs'
  - mkdocs-nature>=0.6 ; extra == 'docs'
  - mdx-gh-links>=0.2 ; extra == 'docs'
  - mkdocstrings[python]>=0.28.3 ; extra == 'docs'
  - mkdocs-gen-files ; extra == 'docs'
  - mkdocs-section-index ; extra == 'docs'
  - mkdocs-literate-nav ; extra == 'docs'
  requires_python: '>=3.10'
- pypi: https://files.pythonhosted.org/packages/b5/64/7660f8a4a8e53c924d0fa05dc3a55c9cee10bbd82b11c5afb27d44b096ce/markupsafe-3.0.3-cp314-cp314-macosx_11_0_arm64.whl
  name: markupsafe
  version: 3.0.3
  sha256: c47a551199eb8eb2121d4f0f15ae0f923d31350ab9280078d1e5f12b249e0026
  requires_python: '>=3.9'
- pypi: https://files.pythonhosted.org/packages/6f/ca/e8ae28649fcdf039fda5ef554b40a95f50592a3c47e6f7270c9561c12b07/matplotlib-3.10.8-cp314-cp314-macosx_11_0_arm64.whl
  name: matplotlib
  version: 3.10.8
  sha256: 32f8dce744be5569bebe789e46727946041199030db8aeb2954d26013a0eb26b
  requires_dist:
  - contourpy>=1.0.1
  - cycler>=0.10
  - fonttools>=4.22.0
  - kiwisolver>=1.3.1
  - numpy>=1.23
  - packaging>=20.0
  - pillow>=8
  - pyparsing>=3
  - python-dateutil>=2.7
  - meson-python>=0.13.1,<0.17.0 ; extra == 'dev'
  - pybind11>=2.13.2,!=2.13.3 ; extra == 'dev'
  - setuptools-scm>=7 ; extra == 'dev'
  - setuptools>=64 ; extra == 'dev'
  requires_python: '>=3.10'
- pypi: https://files.pythonhosted.org/packages/43/e3/7d92a15f894aa0c9c4b49b8ee9ac9850d6e63b03c9c32c0367a13ae62209/mpmath-1.3.0-py3-none-any.whl
  name: mpmath
  version: 1.3.0
  sha256: a0b2b9fe80bbcd81a6647ff13108738cfb482d481d826cc0e02f5b35e5c88d2c
  requires_dist:
  - pytest>=4.6 ; extra == 'develop'
  - pycodestyle ; extra == 'develop'
  - pytest-cov ; extra == 'develop'
  - codecov ; extra == 'develop'
  - wheel ; extra == 'develop'
  - sphinx ; extra == 'docs'
  - gmpy2>=2.1.0a4 ; platform_python_implementation != 'PyPy' and extra == 'gmpy'
  - pytest>=4.6 ; extra == 'tests'
- conda: https://conda.anaconda.org/conda-forge/osx-arm64/ncurses-6.5-h5e97a16_3.conda
  sha256: 2827ada40e8d9ca69a153a45f7fd14f32b2ead7045d3bbb5d10964898fe65733
  md5: 068d497125e4bf8a66bf707254fff5ae
  depends:
  - __osx >=11.0
  license: X11 AND BSD-3-Clause
  purls: []
  size: 797030
  timestamp: 1738196177597
- pypi: https://files.pythonhosted.org/packages/9e/c9/b2622292ea83fbb4ec318f5b9ab867d0a28ab43c5717bb85b0a5f6b3b0a4/networkx-3.6.1-py3-none-any.whl
  name: networkx
  version: 3.6.1
  sha256: d47fbf302e7d9cbbb9e2555a0d267983d2aa476bac30e90dfbe5669bd57f3762
  requires_dist:
  - asv ; extra == 'benchmarking'
  - virtualenv ; extra == 'benchmarking'
  - numpy>=1.25 ; extra == 'default'
  - scipy>=1.11.2 ; extra == 'default'
  - matplotlib>=3.8 ; extra == 'default'
  - pandas>=2.0 ; extra == 'default'
  - pre-commit>=4.1 ; extra == 'developer'
  - mypy>=1.15 ; extra == 'developer'
  - sphinx>=8.0 ; extra == 'doc'
  - pydata-sphinx-theme>=0.16 ; extra == 'doc'
  - sphinx-gallery>=0.18 ; extra == 'doc'
  - numpydoc>=1.8.0 ; extra == 'doc'
  - pillow>=10 ; extra == 'doc'
  - texext>=0.6.7 ; extra == 'doc'
  - myst-nb>=1.1 ; extra == 'doc'
  - intersphinx-registry ; extra == 'doc'
  - osmnx>=2.0.0 ; extra == 'example'
  - momepy>=0.7.2 ; extra == 'example'
  - contextily>=1.6 ; extra == 'example'
  - seaborn>=0.13 ; extra == 'example'
  - cairocffi>=1.7 ; extra == 'example'
  - igraph>=0.11 ; extra == 'example'
  - scikit-learn>=1.5 ; extra == 'example'
  - iplotx>=0.9.0 ; extra == 'example'
  - lxml>=4.6 ; extra == 'extra'
  - pygraphviz>=1.14 ; extra == 'extra'
  - pydot>=3.0.1 ; extra == 'extra'
  - sympy>=1.10 ; extra == 'extra'
  - build>=0.10 ; extra == 'release'
  - twine>=4.0 ; extra == 'release'
  - wheel>=0.40 ; extra == 'release'
  - changelist==0.5 ; extra == 'release'
  - pytest>=7.2 ; extra == 'test'
  - pytest-cov>=4.0 ; extra == 'test'
  - pytest-xdist>=3.0 ; extra == 'test'
  - pytest-mpl ; extra == 'test-extras'
  - pytest-randomly ; extra == 'test-extras'
  requires_python: '>=3.11,!=3.14.1'
- pypi: https://files.pythonhosted.org/packages/bd/16/a484db41aab28332f42080435c9342fa87cfc9a4fce5495521ea1e80ca27/nflows-0.14.tar.gz
  name: nflows
  version: '0.14'
  sha256: 6299844a62f9999fcdf2d95cb2d01c091a50136bd17826e303aba646b2d11b55
  requires_dist:
  - matplotlib
  - numpy
  - tensorboard
  - torch
  - tqdm
- pypi: https://files.pythonhosted.org/packages/4c/39/8a320264a84404c74cc7e79715de85d6130fa07a0898f67fb5cd5bd79908/numpy-2.4.4-cp314-cp314-macosx_11_0_arm64.whl
  name: numpy
  version: 2.4.4
  sha256: 2483e4584a1cb3092da4470b38866634bafb223cbcd551ee047633fd2584599a
  requires_python: '>=3.11'
- conda: https://conda.anaconda.org/conda-forge/osx-arm64/openssl-3.5.6-hd24854e_0.conda
  sha256: 71b821253b4fe2da3462d31e15294207c34218da9f3acff3b01657901c8ec6a8
  md5: d8dadb680a734b6920a35359a8acafa8
  depends:
  - __osx >=11.0
  - ca-certificates
  license: Apache-2.0
  license_family: Apache
  purls: []
  size: 3063111
  timestamp: 1775601980999
- pypi: https://files.pythonhosted.org/packages/7a/c2/920ef838e2f0028c8262f16101ec09ebd5969864e5a64c4c05fad0617c56/packaging-26.1-py3-none-any.whl
  name: packaging
  version: '26.1'
  sha256: 5d9c0669c6285e491e0ced2eee587eaf67b670d94a19e94e3984a481aba6802f
  requires_python: '>=3.8'
- pypi: https://files.pythonhosted.org/packages/ba/8c/1a9e46228571de18f8e28f16fabdfc20212a5d019f3e3303452b3f0a580d/pillow-12.2.0-cp314-cp314-macosx_11_0_arm64.whl
  name: pillow
  version: 12.2.0
  sha256: 80b2da48193b2f33ed0c32c38140f9d3186583ce7d516526d462645fd98660ae
  requires_dist:
  - furo ; extra == 'docs'
  - olefile ; extra == 'docs'
  - sphinx>=8.2 ; extra == 'docs'
  - sphinx-autobuild ; extra == 'docs'
  - sphinx-copybutton ; extra == 'docs'
  - sphinx-inline-tabs ; extra == 'docs'
  - sphinxext-opengraph ; extra == 'docs'
  - olefile ; extra == 'fpx'
  - olefile ; extra == 'mic'
  - arro3-compute ; extra == 'test-arrow'
  - arro3-core ; extra == 'test-arrow'
  - nanoarrow ; extra == 'test-arrow'
  - pyarrow ; extra == 'test-arrow'
  - check-manifest ; extra == 'tests'
  - coverage>=7.4.2 ; extra == 'tests'
  - defusedxml ; extra == 'tests'
  - markdown2 ; extra == 'tests'
  - olefile ; extra == 'tests'
  - packaging ; extra == 'tests'
  - pyroma>=5 ; extra == 'tests'
  - pytest ; extra == 'tests'
  - pytest-cov ; extra == 'tests'
  - pytest-timeout ; extra == 'tests'
  - pytest-xdist ; extra == 'tests'
  - trove-classifiers>=2024.10.12 ; extra == 'tests'
  - defusedxml ; extra == 'xmp'
  requires_python: '>=3.10'
- pypi: https://files.pythonhosted.org/packages/ec/11/3325d41e6ee15bf1125654301211247b042563bcc898784351252549a8ad/protobuf-7.34.1-cp310-abi3-macosx_10_9_universal2.whl
  name: protobuf
  version: 7.34.1
  sha256: d8b2cc79c4d8f62b293ad9b11ec3aebce9af481fa73e64556969f7345ebf9fc7
  requires_python: '>=3.10'
- pypi: https://files.pythonhosted.org/packages/10/bd/c038d7cc38edc1aa5bf91ab8068b63d4308c66c4c8bb3cbba7dfbc049f9c/pyparsing-3.3.2-py3-none-any.whl
  name: pyparsing
  version: 3.3.2
  sha256: 850ba148bd908d7e2411587e247a1e4f0327839c40e2e5e6d05a007ecc69911d
  requires_dist:
  - railroad-diagrams ; extra == 'diagrams'
  - jinja2 ; extra == 'diagrams'
  requires_python: '>=3.9'
- conda: https://conda.anaconda.org/conda-forge/osx-arm64/python-3.14.4-h4c637c5_100_cp314.conda
  build_number: 100
  sha256: 27e7d6cbe021f37244b643f06a98e46767255f7c2907108dd3736f042757ddad
  md5: e1bc5a3015a4bbeb304706dba5a32b7f
  depends:
  - __osx >=11.0
  - bzip2 >=1.0.8,<2.0a0
  - libexpat >=2.7.5,<3.0a0
  - libffi >=3.5.2,<3.6.0a0
  - liblzma >=5.8.2,<6.0a0
  - libmpdec >=4.0.0,<5.0a0
  - libsqlite >=3.52.0,<4.0a0
  - libzlib >=1.3.2,<2.0a0
  - ncurses >=6.5,<7.0a0
  - openssl >=3.5.6,<4.0a0
  - python_abi 3.14.* *_cp314
  - readline >=8.3,<9.0a0
  - tk >=8.6.13,<8.7.0a0
  - tzdata
  - zstd >=1.5.7,<1.6.0a0
  license: Python-2.0
  purls: []
  size: 13533346
  timestamp: 1775616188373
  python_site_packages_path: lib/python3.14/site-packages
- pypi: https://files.pythonhosted.org/packages/ec/57/56b9bcc3c9c6a792fcbaf139543cee77261f3651ca9da0c93f5c1221264b/python_dateutil-2.9.0.post0-py2.py3-none-any.whl
  name: python-dateutil
  version: 2.9.0.post0
  sha256: a8b2bc7bffae282281c8140a97d3aa9c14da0b136dfe83f850eea9a5f7470427
  requires_dist:
  - six>=1.5
  requires_python: '>=2.7,!=3.0.*,!=3.1.*,!=3.2.*'
- conda: https://conda.anaconda.org/conda-forge/noarch/python_abi-3.14-8_cp314.conda
  build_number: 8
  sha256: ad6d2e9ac39751cc0529dd1566a26751a0bf2542adb0c232533d32e176e21db5
  md5: 0539938c55b6b1a59b560e843ad864a4
  constrains:
  - python 3.14.* *_cp314
  license: BSD-3-Clause
  license_family: BSD
  purls: []
  size: 6989
  timestamp: 1752805904792
- conda: https://conda.anaconda.org/conda-forge/osx-arm64/readline-8.3-h46df422_0.conda
  sha256: a77010528efb4b548ac2a4484eaf7e1c3907f2aec86123ed9c5212ae44502477
  md5: f8381319127120ce51e081dce4865cf4
  depends:
  - __osx >=11.0
  - ncurses >=6.5,<7.0a0
  license: GPL-3.0-only
  license_family: GPL
  purls: []
  size: 313930
  timestamp: 1765813902568
- pypi: https://files.pythonhosted.org/packages/97/9c/dfec7c59a04e1656c3e71daa0fce2dfc74362fe8819a60ff6e66c3b9c21d/sbi-0.26.1-py3-none-any.whl
  name: sbi
  version: 0.26.1
  sha256: 3d18b78f79bb2005154f02bb5ec7cd281873e6e2def72e989dd486019d85dd40
  requires_dist:
  - joblib>=1.0.0
  - matplotlib
  - numpy
  - pillow
  - nflows>=0.14.0
  - scikit-learn
  - scipy
  - skorch
  - tensorboard
  - torch>=1.13.0
  - tqdm
  - zuko>=1.2.0
  - pymc>=5.0.0 ; extra == 'pymc'
  - pyro-ppl>=1.3.1 ; extra == 'pyro'
  - sbi[pymc] ; extra == 'all'
  - sbi[pyro] ; extra == 'all'
  - notebook ; extra == 'notebook'
  - sbi[notebook] ; extra == 'doc'
  - nbconvert ; extra == 'doc'
  - nbformat ; extra == 'doc'
  - sphinx ; extra == 'doc'
  - sphinx-autobuild ; extra == 'doc'
  - sphinx-autodoc-typehints ; extra == 'doc'
  - sphinx-math-dollar ; extra == 'doc'
  - sphinx-design ; extra == 'doc'
  - myst-nb ; extra == 'doc'
  - jupytext ; extra == 'doc'
  - sphinx-book-theme ; extra == 'doc'
  - sbi[all] ; extra == 'dev'
  - ffmpeg ; extra == 'dev'
  - pre-commit==4.0.1 ; extra == 'dev'
  - pyyaml ; extra == 'dev'
  - pyright ; extra == 'dev'
  - ruff==0.9.0 ; extra == 'dev'
  - pytest ; extra == 'dev'
  - pytest-cov ; extra == 'dev'
  - pytest-harvest ; extra == 'dev'
  - pytest-mock ; extra == 'dev'
  - pytest-split ; extra == 'dev'
  - pytest-testmon ; extra == 'dev'
  - pytest-xdist ; extra == 'dev'
  - sbi[notebook] ; extra == 'dev'
  - torchtestcase ; extra == 'dev'
  requires_python: '>=3.10'
- pypi: https://files.pythonhosted.org/packages/a8/25/01c0af38fe969473fb292bba9dc2b8f9b451f3112ff242c647fee3d0dfe7/scikit_learn-1.8.0-cp314-cp314-macosx_12_0_arm64.whl
  name: scikit-learn
  version: 1.8.0
  sha256: 6b595b07a03069a2b1740dc08c2299993850ea81cce4fe19b2421e0c970de6b7
  requires_dist:
  - numpy>=1.24.1
  - scipy>=1.10.0
  - joblib>=1.3.0
  - threadpoolctl>=3.2.0
  - numpy>=1.24.1 ; extra == 'build'
  - scipy>=1.10.0 ; extra == 'build'
  - cython>=3.1.2 ; extra == 'build'
  - meson-python>=0.17.1 ; extra == 'build'
  - numpy>=1.24.1 ; extra == 'install'
  - scipy>=1.10.0 ; extra == 'install'
  - joblib>=1.3.0 ; extra == 'install'
  - threadpoolctl>=3.2.0 ; extra == 'install'
  - matplotlib>=3.6.1 ; extra == 'benchmark'
  - pandas>=1.5.0 ; extra == 'benchmark'
  - memory-profiler>=0.57.0 ; extra == 'benchmark'
  - matplotlib>=3.6.1 ; extra == 'docs'
  - scikit-image>=0.22.0 ; extra == 'docs'
  - pandas>=1.5.0 ; extra == 'docs'
  - seaborn>=0.13.0 ; extra == 'docs'
  - memory-profiler>=0.57.0 ; extra == 'docs'
  - sphinx>=7.3.7 ; extra == 'docs'
  - sphinx-copybutton>=0.5.2 ; extra == 'docs'
  - sphinx-gallery>=0.17.1 ; extra == 'docs'
  - numpydoc>=1.2.0 ; extra == 'docs'
  - pillow>=10.1.0 ; extra == 'docs'
  - pooch>=1.8.0 ; extra == 'docs'
  - sphinx-prompt>=1.4.0 ; extra == 'docs'
  - sphinxext-opengraph>=0.9.1 ; extra == 'docs'
  - plotly>=5.18.0 ; extra == 'docs'
  - polars>=0.20.30 ; extra == 'docs'
  - sphinx-design>=0.6.0 ; extra == 'docs'
  - sphinxcontrib-sass>=0.3.4 ; extra == 'docs'
  - pydata-sphinx-theme>=0.15.3 ; extra == 'docs'
  - sphinx-remove-toctrees>=1.0.0.post1 ; extra == 'docs'
  - towncrier>=24.8.0 ; extra == 'docs'
  - matplotlib>=3.6.1 ; extra == 'examples'
  - scikit-image>=0.22.0 ; extra == 'examples'
  - pandas>=1.5.0 ; extra == 'examples'
  - seaborn>=0.13.0 ; extra == 'examples'
  - pooch>=1.8.0 ; extra == 'examples'
  - plotly>=5.18.0 ; extra == 'examples'
  - matplotlib>=3.6.1 ; extra == 'tests'
  - pandas>=1.5.0 ; extra == 'tests'
  - pytest>=7.1.2 ; extra == 'tests'
  - pytest-cov>=2.9.0 ; extra == 'tests'
  - ruff>=0.11.7 ; extra == 'tests'
  - mypy>=1.15 ; extra == 'tests'
  - pyamg>=5.0.0 ; extra == 'tests'
  - polars>=0.20.30 ; extra == 'tests'
  - pyarrow>=12.0.0 ; extra == 'tests'
  - numpydoc>=1.2.0 ; extra == 'tests'
  - pooch>=1.8.0 ; extra == 'tests'
  - conda-lock==3.0.1 ; extra == 'maintenance'
  requires_python: '>=3.11'
- pypi: https://files.pythonhosted.org/packages/ed/a6/d05a85fd51daeb2e4ea71d102f15b34fedca8e931af02594193ae4fd25f7/scipy-1.17.1-cp314-cp314-macosx_12_0_arm64.whl
  name: scipy
  version: 1.17.1
  sha256: 45abad819184f07240d8a696117a7aacd39787af9e0b719d00285549ed19a1e9
  requires_dist:
  - numpy>=1.26.4,<2.7
  - pytest>=8.0.0 ; extra == 'test'
  - pytest-cov ; extra == 'test'
  - pytest-timeout ; extra == 'test'
  - pytest-xdist ; extra == 'test'
  - asv ; extra == 'test'
  - mpmath ; extra == 'test'
  - gmpy2 ; extra == 'test'
  - threadpoolctl ; extra == 'test'
  - scikit-umfpack ; extra == 'test'
  - pooch ; extra == 'test'
  - hypothesis>=6.30 ; extra == 'test'
  - array-api-strict>=2.3.1 ; extra == 'test'
  - cython ; extra == 'test'
  - meson ; extra == 'test'
  - ninja ; sys_platform != 'emscripten' and extra == 'test'
  - sphinx>=5.0.0,<8.2.0 ; extra == 'doc'
  - intersphinx-registry ; extra == 'doc'
  - pydata-sphinx-theme>=0.15.2 ; extra == 'doc'
  - sphinx-copybutton ; extra == 'doc'
  - sphinx-design>=0.4.0 ; extra == 'doc'
  - matplotlib>=3.5 ; extra == 'doc'
  - numpydoc ; extra == 'doc'
  - jupytext ; extra == 'doc'
  - myst-nb>=1.2.0 ; extra == 'doc'
  - pooch ; extra == 'doc'
  - jupyterlite-sphinx>=0.19.1 ; extra == 'doc'
  - jupyterlite-pyodide-kernel ; extra == 'doc'
  - linkify-it-py ; extra == 'doc'
  - tabulate ; extra == 'doc'
  - click<8.3.0 ; extra == 'dev'
  - spin ; extra == 'dev'
  - mypy==1.10.0 ; extra == 'dev'
  - typing-extensions ; extra == 'dev'
  - types-psutil ; extra == 'dev'
  - pycodestyle ; extra == 'dev'
  - ruff>=0.12.0 ; extra == 'dev'
  - cython-lint>=0.12.2 ; extra == 'dev'
  requires_python: '>=3.11'
- pypi: https://files.pythonhosted.org/packages/e1/e3/c164c88b2e5ce7b24d667b9bd83589cf4f3520d97cad01534cd3c4f55fdb/setuptools-81.0.0-py3-none-any.whl
  name: setuptools
  version: 81.0.0
  sha256: fdd925d5c5d9f62e4b74b30d6dd7828ce236fd6ed998a08d81de62ce5a6310d6
  requires_dist:
  - pytest>=6,!=8.1.* ; extra == 'test'
  - virtualenv>=13.0.0 ; extra == 'test'
  - wheel>=0.44.0 ; extra == 'test'
  - pip>=19.1 ; extra == 'test'
  - packaging>=24.2 ; extra == 'test'
  - jaraco-envs>=2.2 ; extra == 'test'
  - pytest-xdist>=3 ; extra == 'test'
  - jaraco-path>=3.7.2 ; extra == 'test'
  - build[virtualenv]>=1.0.3 ; extra == 'test'
  - filelock>=3.4.0 ; extra == 'test'
  - ini2toml[lite]>=0.14 ; extra == 'test'
  - tomli-w>=1.0.0 ; extra == 'test'
  - pytest-timeout ; extra == 'test'
  - pytest-perf ; sys_platform != 'cygwin' and extra == 'test'
  - jaraco-develop>=7.21 ; python_full_version >= '3.9' and sys_platform != 'cygwin' and extra == 'test'
  - pytest-home>=0.5 ; extra == 'test'
  - pytest-subprocess ; extra == 'test'
  - pyproject-hooks!=1.1 ; extra == 'test'
  - jaraco-test>=5.5 ; extra == 'test'
  - sphinx>=3.5 ; extra == 'doc'
  - jaraco-packaging>=9.3 ; extra == 'doc'
  - rst-linker>=1.9 ; extra == 'doc'
  - furo ; extra == 'doc'
  - sphinx-lint ; extra == 'doc'
  - jaraco-tidelift>=1.4 ; extra == 'doc'
  - pygments-github-lexers==0.0.5 ; extra == 'doc'
  - sphinx-favicon ; extra == 'doc'
  - sphinx-inline-tabs ; extra == 'doc'
  - sphinx-reredirects ; extra == 'doc'
  - sphinxcontrib-towncrier ; extra == 'doc'
  - sphinx-notfound-page>=1,<2 ; extra == 'doc'
  - pyproject-hooks!=1.1 ; extra == 'doc'
  - towncrier<24.7 ; extra == 'doc'
  - packaging>=24.2 ; extra == 'core'
  - more-itertools>=8.8 ; extra == 'core'
  - jaraco-text>=3.7 ; extra == 'core'
  - importlib-metadata>=6 ; python_full_version < '3.10' and extra == 'core'
  - tomli>=2.0.1 ; python_full_version < '3.11' and extra == 'core'
  - wheel>=0.43.0 ; extra == 'core'
  - platformdirs>=4.2.2 ; extra == 'core'
  - jaraco-functools>=4 ; extra == 'core'
  - more-itertools ; extra == 'core'
  - pytest-checkdocs>=2.4 ; extra == 'check'
  - pytest-ruff>=0.2.1 ; sys_platform != 'cygwin' and extra == 'check'
  - ruff>=0.13.0 ; sys_platform != 'cygwin' and extra == 'check'
  - pytest-cov ; extra == 'cover'
  - pytest-enabler>=2.2 ; extra == 'enabler'
  - pytest-mypy ; extra == 'type'
  - mypy==1.18.* ; extra == 'type'
  - importlib-metadata>=7.0.2 ; python_full_version < '3.10' and extra == 'type'
  - jaraco-develop>=7.21 ; sys_platform != 'cygwin' and extra == 'type'
  requires_python: '>=3.9'
- pypi: https://files.pythonhosted.org/packages/b7/ce/149a00dd41f10bc29e5921b496af8b574d8413afcd5e30dfa0ed46c2cc5e/six-1.17.0-py2.py3-none-any.whl
  name: six
  version: 1.17.0
  sha256: 4721f391ed90541fddacab5acf947aa0d3dc7d27b2e1e8eda2be8970586c3274
  requires_python: '>=2.7,!=3.0.*,!=3.1.*,!=3.2.*'
- pypi: https://files.pythonhosted.org/packages/56/4d/6fbe78427fa6b5c54cbdbd3b9bdacd214a5bcf9bf4dd247fc9537fba1644/skorch-1.3.1-py3-none-any.whl
  name: skorch
  version: 1.3.1
  sha256: bb06c65a15d0bfc765928a0b3fadf569222e7ec772f81b21d422603d52b4ad32
  requires_dist:
  - numpy>=1.13.3
  - scikit-learn>=0.22.0
  - scipy>=1.1.0
  - tabulate>=0.7.7
  - tqdm>=4.14.0
  - pylint ; extra == 'dev'
  - flake8 ; extra == 'dev'
  - future>=0.17.1 ; extra == 'dev'
  - pytest>=3.4 ; extra == 'test'
  - pytest-cov ; extra == 'test'
  - flaky ; extra == 'test'
  - sphinx ; extra == 'docs'
  - sphinx-rtd-theme ; extra == 'docs'
  - numpydoc ; extra == 'docs'
  - accelerate>=0.22.0 ; extra == 'extended'
  - tensorboard>=1.14.0 ; extra == 'extended'
  - wandb>=0.12.17 ; extra == 'extended'
  - neptune ; extra == 'extended'
  - sacred ; extra == 'extended'
  - jupyter ; extra == 'extended'
  - matplotlib>=2.0.2 ; extra == 'extended'
  - pandas ; extra == 'extended'
  - openpyxl ; extra == 'extended'
  - transformers ; extra == 'extended'
  - tokenizers ; extra == 'extended'
  - safetensors>=0.3.1 ; extra == 'extended'
  - protobuf ; extra == 'extended'
  - gpytorch>=1.5 ; extra == 'extended'
  - pillow ; extra == 'extended'
  - fire ; extra == 'extended'
  requires_python: '>=3.10'
- pypi: https://files.pythonhosted.org/packages/a2/09/77d55d46fd61b4a135c444fc97158ef34a095e5681d0a6c10b75bf356191/sympy-1.14.0-py3-none-any.whl
  name: sympy
  version: 1.14.0
  sha256: e091cc3e99d2141a0ba2847328f5479b05d94a6635cb96148ccb3f34671bd8f5
  requires_dist:
  - mpmath>=1.1.0,<1.4
  - pytest>=7.1.0 ; extra == 'dev'
  - hypothesis>=6.70.0 ; extra == 'dev'
  requires_python: '>=3.9'
- pypi: https://files.pythonhosted.org/packages/99/55/db07de81b5c630da5cbf5c7df646580ca26dfaefa593667fc6f2fe016d2e/tabulate-0.10.0-py3-none-any.whl
  name: tabulate
  version: 0.10.0
  sha256: f0b0622e567335c8fabaaa659f1b33bcb6ddfe2e496071b743aa113f8774f2d3
  requires_dist:
  - wcwidth ; extra == 'widechars'
  requires_python: '>=3.10'
- pypi: https://files.pythonhosted.org/packages/9c/d9/a5db55f88f258ac669a92858b70a714bbbd5acd993820b41ec4a96a4d77f/tensorboard-2.20.0-py3-none-any.whl
  name: tensorboard
  version: 2.20.0
  sha256: 9dc9f978cb84c0723acf9a345d96c184f0293d18f166bb8d59ee098e6cfaaba6
  requires_dist:
  - absl-py>=0.4
  - grpcio>=1.48.2
  - markdown>=2.6.8
  - numpy>=1.12.0
  - packaging
  - pillow
  - protobuf>=3.19.6,!=4.24.0
  - setuptools>=41.0.0
  - tensorboard-data-server>=0.7.0,<0.8.0
  - werkzeug>=1.0.1
  requires_python: '>=3.9'
- pypi: https://files.pythonhosted.org/packages/7a/13/e503968fefabd4c6b2650af21e110aa8466fe21432cd7c43a84577a89438/tensorboard_data_server-0.7.2-py3-none-any.whl
  name: tensorboard-data-server
  version: 0.7.2
  sha256: 7e0610d205889588983836ec05dc098e80f97b7e7bbff7e994ebb78f578d0ddb
  requires_python: '>=3.7'
- pypi: https://files.pythonhosted.org/packages/32/d5/f9a850d79b0851d1d4ef6456097579a9005b31fea68726a4ae5f2d82ddd9/threadpoolctl-3.6.0-py3-none-any.whl
  name: threadpoolctl
  version: 3.6.0
  sha256: 43a0b8fd5a2928500110039e43a5eed8480b918967083ea48dc3ab9f13c4a7fb
  requires_python: '>=3.9'
- conda: https://conda.anaconda.org/conda-forge/osx-arm64/tk-8.6.13-h010d191_3.conda
  sha256: 799cab4b6cde62f91f750149995d149bc9db525ec12595e8a1d91b9317f038b3
  md5: a9d86bc62f39b94c4661716624eb21b0
  depends:
  - __osx >=11.0
  - libzlib >=1.3.1,<2.0a0
  license: TCL
  license_family: BSD
  purls: []
  size: 3127137
  timestamp: 1769460817696
- pypi: https://files.pythonhosted.org/packages/26/0d/8603382f61abd0db35841148ddc1ffd607bf3100b11c6e1dab6d2fc44e72/torch-2.11.0-cp314-cp314-macosx_11_0_arm64.whl
  name: torch
  version: 2.11.0
  sha256: 01018087326984a33b64e04c8cb5c2795f9120e0d775ada1f6638840227b04d7
  requires_dist:
  - filelock
  - typing-extensions>=4.10.0
  - setuptools<82
  - sympy>=1.13.3
  - networkx>=2.5.1
  - jinja2
  - fsspec>=0.8.5
  - cuda-toolkit[cublas,cudart,cufft,cufile,cupti,curand,cusolver,cusparse,nvjitlink,nvrtc,nvtx]==13.0.2 ; sys_platform == 'linux'
  - cuda-bindings>=13.0.3,<14 ; sys_platform == 'linux'
  - nvidia-cudnn-cu13==9.19.0.56 ; sys_platform == 'linux'
  - nvidia-cusparselt-cu13==0.8.0 ; sys_platform == 'linux'
  - nvidia-nccl-cu13==2.28.9 ; sys_platform == 'linux'
  - nvidia-nvshmem-cu13==3.4.5 ; sys_platform == 'linux'
  - triton==3.6.0 ; sys_platform == 'linux'
  - optree>=0.13.0 ; extra == 'optree'
  - opt-einsum>=3.3 ; extra == 'opt-einsum'
  - pyyaml ; extra == 'pyyaml'
  requires_python: '>=3.10'
- pypi: https://files.pythonhosted.org/packages/16/e1/3079a9ff9b8e11b846c6ac5c8b5bfb7ff225eee721825310c91b3b50304f/tqdm-4.67.3-py3-none-any.whl
  name: tqdm
  version: 4.67.3
  sha256: ee1e4c0e59148062281c49d80b25b67771a127c85fc9676d3be5f243206826bf
  requires_dist:
  - colorama ; sys_platform == 'win32'
  - importlib-metadata ; python_full_version < '3.8'
  - pytest>=6 ; extra == 'dev'
  - pytest-cov ; extra == 'dev'
  - pytest-timeout ; extra == 'dev'
  - pytest-asyncio>=0.24 ; extra == 'dev'
  - nbval ; extra == 'dev'
  - requests ; extra == 'discord'
  - slack-sdk ; extra == 'slack'
  - requests ; extra == 'telegram'
  - ipywidgets>=6 ; extra == 'notebook'
  requires_python: '>=3.7'
- pypi: https://files.pythonhosted.org/packages/18/67/36e9267722cc04a6b9f15c7f3441c2363321a3ea07da7ae0c0707beb2a9c/typing_extensions-4.15.0-py3-none-any.whl
  name: typing-extensions
  version: 4.15.0
  sha256: f0fa19c6845758ab08074a0cfa8b7aecb71c999ca73d62883bc25cc018c4e548
  requires_python: '>=3.9'
- conda: https://conda.anaconda.org/conda-forge/noarch/tzdata-2025c-hc9c84f9_1.conda
  sha256: 1d30098909076af33a35017eed6f2953af1c769e273a0626a04722ac4acaba3c
  md5: ad659d0a2b3e47e38d829aa8cad2d610
  license: LicenseRef-Public-Domain
  purls: []
  size: 119135
  timestamp: 1767016325805
- conda: https://conda.anaconda.org/conda-forge/osx-arm64/uv-0.11.6-h2a61971_0.conda
  sha256: c16152d7ebd6d65f1438f242e423517c1f17b7ea5552c56538edd5347f034ed0
  md5: 8113c6d9c8790242a21c8c7525bc1e8f
  depends:
  - libcxx >=19
  - __osx >=11.0
  constrains:
  - __osx >=11.0
  arch: arm64
  platform: osx
  license: Apache-2.0 OR MIT
  purls: []
  size: 16629923
  timestamp: 1775743692957
- pypi: https://files.pythonhosted.org/packages/93/8c/2e650f2afeb7ee576912636c23ddb621c91ac6a98e66dc8d29c3c69446e1/werkzeug-3.1.8-py3-none-any.whl
  name: werkzeug
  version: 3.1.8
  sha256: 63a77fb8892bf28ebc3178683445222aa500e48ebad5ec77b0ad80f8726b1f50
  requires_dist:
  - markupsafe>=2.1.1
  - watchdog>=2.3 ; extra == 'watchdog'
  requires_python: '>=3.9'
- conda: https://conda.anaconda.org/conda-forge/osx-arm64/zstd-1.5.7-hbf9d68e_6.conda
  sha256: 9485ba49e8f47d2b597dd399e88f4802e100851b27c21d7525625b0b4025a5d9
  md5: ab136e4c34e97f34fb621d2592a393d8
  depends:
  - __osx >=11.0
  - libzlib >=1.3.1,<2.0a0
  license: BSD-3-Clause
  license_family: BSD
  purls: []
  size: 433413
  timestamp: 1764777166076
- pypi: https://files.pythonhosted.org/packages/95/10/ff159867f522cd98e039e748c5e9777446e8b797a79be691c6b730676094/zuko-1.6.0-py3-none-any.whl
  name: zuko
  version: 1.6.0
  sha256: 5c073b613a84a7cd65470ddb94855169020ac49432f73b85f25207e377248a4a
  requires_dist:
  - numpy>=1.20.0
  - torch>=1.12.0
  - ipykernel>=6.29.0 ; extra == 'dev'
  - matplotlib>=3.8.0 ; extra == 'dev'
  - pre-commit>=3.7.0 ; extra == 'dev'
  - ruff==0.9.9 ; extra == 'dev'
  - docutils==0.19 ; extra == 'docs'
  - furo==2024.5.6 ; extra == 'docs'
  - myst-nb==1.0.0 ; extra == 'docs'
  - sphinx==7.3.7 ; extra == 'docs'
  - pytest>=8.0.0 ; extra == 'test'
  requires_python: '>=3.10'
